// !$*UTF8*$!
{
	archiveVersion = 1;
	classes = {
	};
	objectVersion = 51;
	objects = {

/* Begin PBXBuildFile section */
		1C069EF46E3ACCB105670A22 /* Pods_Blend_BlendUITests.framework in Frameworks */ = {isa = PBXBuildFile; fileRef = 6E0B6C93C2A451000109A1EA /* Pods_Blend_BlendUITests.framework */; };
		571CFE65FE41A9800A0EA598 /* Pods_Blend.framework in Frameworks */ = {isa = PBXBuildFile; fileRef = 12D07B12A6143E23A7167DFA /* Pods_Blend.framework */; };
		615046022646E79B005CE82C /* FeedViewController.swift in Sources */ = {isa = PBXBuildFile; fileRef = 615046012646E79B005CE82C /* FeedViewController.swift */; };
		615046042646E7EB005CE82C /* FeedCell.swift in Sources */ = {isa = PBXBuildFile; fileRef = 615046032646E7EB005CE82C /* FeedCell.swift */; };
		615046062646E9D4005CE82C /* Podfile in Resources */ = {isa = PBXBuildFile; fileRef = 615046052646E9D3005CE82C /* Podfile */; };
		617EDF5E263D030200586B28 /* HomeViewController.swift in Sources */ = {isa = PBXBuildFile; fileRef = 617EDF5D263D030200586B28 /* HomeViewController.swift */; };
		617EDF6C263D04DF00586B28 /* MatchCell.swift in Sources */ = {isa = PBXBuildFile; fileRef = 617EDF6B263D04DF00586B28 /* MatchCell.swift */; };
		8215DBA114563B8E8E9149D3 /* Pods_BlendTests.framework in Frameworks */ = {isa = PBXBuildFile; fileRef = 8EE49D2F1CE74B0FB7834545 /* Pods_BlendTests.framework */; };
		B08CA756263DB2010067724B /* MoreInfoViewController.swift in Sources */ = {isa = PBXBuildFile; fileRef = B08CA755263DB2010067724B /* MoreInfoViewController.swift */; };
		B0982EDA26347012007E4B39 /* AppDelegate.swift in Sources */ = {isa = PBXBuildFile; fileRef = B0982ED926347012007E4B39 /* AppDelegate.swift */; };
		B0982EDC26347012007E4B39 /* SceneDelegate.swift in Sources */ = {isa = PBXBuildFile; fileRef = B0982EDB26347012007E4B39 /* SceneDelegate.swift */; };
		B0982EE126347012007E4B39 /* Main.storyboard in Resources */ = {isa = PBXBuildFile; fileRef = B0982EDF26347012007E4B39 /* Main.storyboard */; };
		B0982EE326347018007E4B39 /* Assets.xcassets in Resources */ = {isa = PBXBuildFile; fileRef = B0982EE226347018007E4B39 /* Assets.xcassets */; };
		B0982EE626347018007E4B39 /* LaunchScreen.storyboard in Resources */ = {isa = PBXBuildFile; fileRef = B0982EE426347018007E4B39 /* LaunchScreen.storyboard */; };
		B0982EF126347018007E4B39 /* BlendTests.swift in Sources */ = {isa = PBXBuildFile; fileRef = B0982EF026347018007E4B39 /* BlendTests.swift */; };
		B0982EFC26347018007E4B39 /* BlendUITests.swift in Sources */ = {isa = PBXBuildFile; fileRef = B0982EFB26347018007E4B39 /* BlendUITests.swift */; };
		B0BAC4F4263B6E7200D97ECD /* LoginViewController.swift in Sources */ = {isa = PBXBuildFile; fileRef = B0BAC4F3263B6E7200D97ECD /* LoginViewController.swift */; };
		B0BAC4F9263B702200D97ECD /* SignUpViewController.swift in Sources */ = {isa = PBXBuildFile; fileRef = B0BAC4F8263B702200D97ECD /* SignUpViewController.swift */; };
		F1BCA42C2646267B006E91F4 /* ProfileEditViewController.swift in Sources */ = {isa = PBXBuildFile; fileRef = F1BCA42B2646267B006E91F4 /* ProfileEditViewController.swift */; };
/* End PBXBuildFile section */

/* Begin PBXContainerItemProxy section */
		B0982EED26347018007E4B39 /* PBXContainerItemProxy */ = {
			isa = PBXContainerItemProxy;
			containerPortal = B0982ECE26347012007E4B39 /* Project object */;
			proxyType = 1;
			remoteGlobalIDString = B0982ED526347012007E4B39;
			remoteInfo = Blend;
		};
		B0982EF826347018007E4B39 /* PBXContainerItemProxy */ = {
			isa = PBXContainerItemProxy;
			containerPortal = B0982ECE26347012007E4B39 /* Project object */;
			proxyType = 1;
			remoteGlobalIDString = B0982ED526347012007E4B39;
			remoteInfo = Blend;
		};
/* End PBXContainerItemProxy section */

/* Begin PBXFileReference section */
		0EEE7144B34AF098A1A48A6E /* Pods-Blend.debug.xcconfig */ = {isa = PBXFileReference; includeInIndex = 1; lastKnownFileType = text.xcconfig; name = "Pods-Blend.debug.xcconfig"; path = "Target Support Files/Pods-Blend/Pods-Blend.debug.xcconfig"; sourceTree = "<group>"; };
		12D07B12A6143E23A7167DFA /* Pods_Blend.framework */ = {isa = PBXFileReference; explicitFileType = wrapper.framework; includeInIndex = 0; path = Pods_Blend.framework; sourceTree = BUILT_PRODUCTS_DIR; };
		1FC270624E6A530036E08A2C /* Pods-Blend.release.xcconfig */ = {isa = PBXFileReference; includeInIndex = 1; lastKnownFileType = text.xcconfig; name = "Pods-Blend.release.xcconfig"; path = "Target Support Files/Pods-Blend/Pods-Blend.release.xcconfig"; sourceTree = "<group>"; };
		45929665F09D59EAC273E927 /* Pods-Blend-BlendUITests.debug.xcconfig */ = {isa = PBXFileReference; includeInIndex = 1; lastKnownFileType = text.xcconfig; name = "Pods-Blend-BlendUITests.debug.xcconfig"; path = "Target Support Files/Pods-Blend-BlendUITests/Pods-Blend-BlendUITests.debug.xcconfig"; sourceTree = "<group>"; };
		615046012646E79B005CE82C /* FeedViewController.swift */ = {isa = PBXFileReference; lastKnownFileType = sourcecode.swift; path = FeedViewController.swift; sourceTree = "<group>"; };
		615046032646E7EB005CE82C /* FeedCell.swift */ = {isa = PBXFileReference; lastKnownFileType = sourcecode.swift; path = FeedCell.swift; sourceTree = "<group>"; };
		615046052646E9D3005CE82C /* Podfile */ = {isa = PBXFileReference; fileEncoding = 4; lastKnownFileType = text; name = Podfile; path = "../../Downloads/Blend-main/Podfile"; sourceTree = "<group>"; };
		617EDF5D263D030200586B28 /* HomeViewController.swift */ = {isa = PBXFileReference; lastKnownFileType = sourcecode.swift; path = HomeViewController.swift; sourceTree = "<group>"; };
		617EDF6B263D04DF00586B28 /* MatchCell.swift */ = {isa = PBXFileReference; lastKnownFileType = sourcecode.swift; path = MatchCell.swift; sourceTree = "<group>"; };
		6DE1BDDBEA6C2658B0480E22 /* Pods-BlendTests.debug.xcconfig */ = {isa = PBXFileReference; includeInIndex = 1; lastKnownFileType = text.xcconfig; name = "Pods-BlendTests.debug.xcconfig"; path = "Target Support Files/Pods-BlendTests/Pods-BlendTests.debug.xcconfig"; sourceTree = "<group>"; };
		6E0B6C93C2A451000109A1EA /* Pods_Blend_BlendUITests.framework */ = {isa = PBXFileReference; explicitFileType = wrapper.framework; includeInIndex = 0; path = Pods_Blend_BlendUITests.framework; sourceTree = BUILT_PRODUCTS_DIR; };
		8EE49D2F1CE74B0FB7834545 /* Pods_BlendTests.framework */ = {isa = PBXFileReference; explicitFileType = wrapper.framework; includeInIndex = 0; path = Pods_BlendTests.framework; sourceTree = BUILT_PRODUCTS_DIR; };
		A0ED8186E5789F44C9F1D5E6 /* Pods-BlendTests.release.xcconfig */ = {isa = PBXFileReference; includeInIndex = 1; lastKnownFileType = text.xcconfig; name = "Pods-BlendTests.release.xcconfig"; path = "Target Support Files/Pods-BlendTests/Pods-BlendTests.release.xcconfig"; sourceTree = "<group>"; };
		A91AD9BB0269C4F72B5525E1 /* Pods-Blend-BlendUITests.release.xcconfig */ = {isa = PBXFileReference; includeInIndex = 1; lastKnownFileType = text.xcconfig; name = "Pods-Blend-BlendUITests.release.xcconfig"; path = "Target Support Files/Pods-Blend-BlendUITests/Pods-Blend-BlendUITests.release.xcconfig"; sourceTree = "<group>"; };
		B08CA755263DB2010067724B /* MoreInfoViewController.swift */ = {isa = PBXFileReference; lastKnownFileType = sourcecode.swift; path = MoreInfoViewController.swift; sourceTree = "<group>"; };
		B0982ED626347012007E4B39 /* Blend.app */ = {isa = PBXFileReference; explicitFileType = wrapper.application; includeInIndex = 0; path = Blend.app; sourceTree = BUILT_PRODUCTS_DIR; };
		B0982ED926347012007E4B39 /* AppDelegate.swift */ = {isa = PBXFileReference; lastKnownFileType = sourcecode.swift; path = AppDelegate.swift; sourceTree = "<group>"; };
		B0982EDB26347012007E4B39 /* SceneDelegate.swift */ = {isa = PBXFileReference; lastKnownFileType = sourcecode.swift; path = SceneDelegate.swift; sourceTree = "<group>"; };
		B0982EE026347012007E4B39 /* Base */ = {isa = PBXFileReference; lastKnownFileType = file.storyboard; name = Base; path = Base.lproj/Main.storyboard; sourceTree = "<group>"; };
		B0982EE226347018007E4B39 /* Assets.xcassets */ = {isa = PBXFileReference; lastKnownFileType = folder.assetcatalog; path = Assets.xcassets; sourceTree = "<group>"; };
		B0982EE526347018007E4B39 /* Base */ = {isa = PBXFileReference; lastKnownFileType = file.storyboard; name = Base; path = Base.lproj/LaunchScreen.storyboard; sourceTree = "<group>"; };
		B0982EE726347018007E4B39 /* Info.plist */ = {isa = PBXFileReference; lastKnownFileType = text.plist.xml; path = Info.plist; sourceTree = "<group>"; };
		B0982EEC26347018007E4B39 /* BlendTests.xctest */ = {isa = PBXFileReference; explicitFileType = wrapper.cfbundle; includeInIndex = 0; path = BlendTests.xctest; sourceTree = BUILT_PRODUCTS_DIR; };
		B0982EF026347018007E4B39 /* BlendTests.swift */ = {isa = PBXFileReference; lastKnownFileType = sourcecode.swift; path = BlendTests.swift; sourceTree = "<group>"; };
		B0982EF226347018007E4B39 /* Info.plist */ = {isa = PBXFileReference; lastKnownFileType = text.plist.xml; path = Info.plist; sourceTree = "<group>"; };
		B0982EF726347018007E4B39 /* BlendUITests.xctest */ = {isa = PBXFileReference; explicitFileType = wrapper.cfbundle; includeInIndex = 0; path = BlendUITests.xctest; sourceTree = BUILT_PRODUCTS_DIR; };
		B0982EFB26347018007E4B39 /* BlendUITests.swift */ = {isa = PBXFileReference; lastKnownFileType = sourcecode.swift; path = BlendUITests.swift; sourceTree = "<group>"; };
		B0982EFD26347018007E4B39 /* Info.plist */ = {isa = PBXFileReference; lastKnownFileType = text.plist.xml; path = Info.plist; sourceTree = "<group>"; };
		B0BAC4F3263B6E7200D97ECD /* LoginViewController.swift */ = {isa = PBXFileReference; lastKnownFileType = sourcecode.swift; path = LoginViewController.swift; sourceTree = "<group>"; };
		B0BAC4F8263B702200D97ECD /* SignUpViewController.swift */ = {isa = PBXFileReference; lastKnownFileType = sourcecode.swift; path = SignUpViewController.swift; sourceTree = "<group>"; };
		F1BCA42B2646267B006E91F4 /* ProfileEditViewController.swift */ = {isa = PBXFileReference; lastKnownFileType = sourcecode.swift; path = ProfileEditViewController.swift; sourceTree = "<group>"; };
/* End PBXFileReference section */

/* Begin PBXFrameworksBuildPhase section */
		B0982ED326347012007E4B39 /* Frameworks */ = {
			isa = PBXFrameworksBuildPhase;
			buildActionMask = 2147483647;
			files = (
				571CFE65FE41A9800A0EA598 /* Pods_Blend.framework in Frameworks */,
			);
			runOnlyForDeploymentPostprocessing = 0;
		};
		B0982EE926347018007E4B39 /* Frameworks */ = {
			isa = PBXFrameworksBuildPhase;
			buildActionMask = 2147483647;
			files = (
				8215DBA114563B8E8E9149D3 /* Pods_BlendTests.framework in Frameworks */,
			);
			runOnlyForDeploymentPostprocessing = 0;
		};
		B0982EF426347018007E4B39 /* Frameworks */ = {
			isa = PBXFrameworksBuildPhase;
			buildActionMask = 2147483647;
			files = (
				1C069EF46E3ACCB105670A22 /* Pods_Blend_BlendUITests.framework in Frameworks */,
			);
			runOnlyForDeploymentPostprocessing = 0;
		};
/* End PBXFrameworksBuildPhase section */

/* Begin PBXGroup section */
		B0982ECD26347012007E4B39 = {
			isa = PBXGroup;
			children = (
				B0982ED826347012007E4B39 /* Blend */,
				B0982EEF26347018007E4B39 /* BlendTests */,
				B0982EFA26347018007E4B39 /* BlendUITests */,
				B0982ED726347012007E4B39 /* Products */,
				BF0D0AA1B56045DE10128270 /* Pods */,
				CDD962A6AB55AE2D25C4B835 /* Frameworks */,
			);
			sourceTree = "<group>";
		};
		B0982ED726347012007E4B39 /* Products */ = {
			isa = PBXGroup;
			children = (
				B0982ED626347012007E4B39 /* Blend.app */,
				B0982EEC26347018007E4B39 /* BlendTests.xctest */,
				B0982EF726347018007E4B39 /* BlendUITests.xctest */,
			);
			name = Products;
			sourceTree = "<group>";
		};
		B0982ED826347012007E4B39 /* Blend */ = {
			isa = PBXGroup;
			children = (
				B0982ED926347012007E4B39 /* AppDelegate.swift */,
				B0982EDB26347012007E4B39 /* SceneDelegate.swift */,
				B0982EDF26347012007E4B39 /* Main.storyboard */,
				B0982EE226347018007E4B39 /* Assets.xcassets */,
				B0982EE426347018007E4B39 /* LaunchScreen.storyboard */,
				B0982EE726347018007E4B39 /* Info.plist */,
				B0BAC4F3263B6E7200D97ECD /* LoginViewController.swift */,
				B0BAC4F8263B702200D97ECD /* SignUpViewController.swift */,
				617EDF5D263D030200586B28 /* HomeViewController.swift */,
				617EDF6B263D04DF00586B28 /* MatchCell.swift */,
				B08CA755263DB2010067724B /* MoreInfoViewController.swift */,
				F1BCA42B2646267B006E91F4 /* ProfileEditViewController.swift */,
				615046012646E79B005CE82C /* FeedViewController.swift */,
				615046032646E7EB005CE82C /* FeedCell.swift */,
			);
			path = Blend;
			sourceTree = "<group>";
		};
		B0982EEF26347018007E4B39 /* BlendTests */ = {
			isa = PBXGroup;
			children = (
				B0982EF026347018007E4B39 /* BlendTests.swift */,
				B0982EF226347018007E4B39 /* Info.plist */,
			);
			path = BlendTests;
			sourceTree = "<group>";
		};
		B0982EFA26347018007E4B39 /* BlendUITests */ = {
			isa = PBXGroup;
			children = (
				B0982EFB26347018007E4B39 /* BlendUITests.swift */,
				B0982EFD26347018007E4B39 /* Info.plist */,
			);
			path = BlendUITests;
			sourceTree = "<group>";
		};
		BF0D0AA1B56045DE10128270 /* Pods */ = {
			isa = PBXGroup;
			children = (
				0EEE7144B34AF098A1A48A6E /* Pods-Blend.debug.xcconfig */,
				1FC270624E6A530036E08A2C /* Pods-Blend.release.xcconfig */,
				45929665F09D59EAC273E927 /* Pods-Blend-BlendUITests.debug.xcconfig */,
				A91AD9BB0269C4F72B5525E1 /* Pods-Blend-BlendUITests.release.xcconfig */,
				6DE1BDDBEA6C2658B0480E22 /* Pods-BlendTests.debug.xcconfig */,
				A0ED8186E5789F44C9F1D5E6 /* Pods-BlendTests.release.xcconfig */,
			);
			path = Pods;
			sourceTree = "<group>";
		};
		CDD962A6AB55AE2D25C4B835 /* Frameworks */ = {
			isa = PBXGroup;
			children = (
				615046052646E9D3005CE82C /* Podfile */,
				12D07B12A6143E23A7167DFA /* Pods_Blend.framework */,
				6E0B6C93C2A451000109A1EA /* Pods_Blend_BlendUITests.framework */,
				8EE49D2F1CE74B0FB7834545 /* Pods_BlendTests.framework */,
			);
			name = Frameworks;
			sourceTree = "<group>";
		};
/* End PBXGroup section */

/* Begin PBXNativeTarget section */
		B0982ED526347012007E4B39 /* Blend */ = {
			isa = PBXNativeTarget;
			buildConfigurationList = B0982F0026347019007E4B39 /* Build configuration list for PBXNativeTarget "Blend" */;
			buildPhases = (
				86DBB6372FBAD2B5C1C54767 /* [CP] Check Pods Manifest.lock */,
				B0982ED226347012007E4B39 /* Sources */,
				B0982ED326347012007E4B39 /* Frameworks */,
				B0982ED426347012007E4B39 /* Resources */,
				ECA5BF4C500C929CFCD4C3C0 /* [CP] Embed Pods Frameworks */,
			);
			buildRules = (
			);
			dependencies = (
			);
			name = Blend;
			productName = Blend;
			productReference = B0982ED626347012007E4B39 /* Blend.app */;
			productType = "com.apple.product-type.application";
		};
		B0982EEB26347018007E4B39 /* BlendTests */ = {
			isa = PBXNativeTarget;
			buildConfigurationList = B0982F0326347019007E4B39 /* Build configuration list for PBXNativeTarget "BlendTests" */;
			buildPhases = (
				A7B7130CAAFC49A3C2250A8D /* [CP] Check Pods Manifest.lock */,
				B0982EE826347018007E4B39 /* Sources */,
				B0982EE926347018007E4B39 /* Frameworks */,
				B0982EEA26347018007E4B39 /* Resources */,
			);
			buildRules = (
			);
			dependencies = (
				B0982EEE26347018007E4B39 /* PBXTargetDependency */,
			);
			name = BlendTests;
			productName = BlendTests;
			productReference = B0982EEC26347018007E4B39 /* BlendTests.xctest */;
			productType = "com.apple.product-type.bundle.unit-test";
		};
		B0982EF626347018007E4B39 /* BlendUITests */ = {
			isa = PBXNativeTarget;
			buildConfigurationList = B0982F0626347019007E4B39 /* Build configuration list for PBXNativeTarget "BlendUITests" */;
			buildPhases = (
				CA59B92F5D56F2589A3496F7 /* [CP] Check Pods Manifest.lock */,
				B0982EF326347018007E4B39 /* Sources */,
				B0982EF426347018007E4B39 /* Frameworks */,
				B0982EF526347018007E4B39 /* Resources */,
				21CBB3C9BA9C0865C0E04982 /* [CP] Embed Pods Frameworks */,
			);
			buildRules = (
			);
			dependencies = (
				B0982EF926347018007E4B39 /* PBXTargetDependency */,
			);
			name = BlendUITests;
			productName = BlendUITests;
			productReference = B0982EF726347018007E4B39 /* BlendUITests.xctest */;
			productType = "com.apple.product-type.bundle.ui-testing";
		};
/* End PBXNativeTarget section */

/* Begin PBXProject section */
		B0982ECE26347012007E4B39 /* Project object */ = {
			isa = PBXProject;
			attributes = {
				LastSwiftUpdateCheck = 1220;
				LastUpgradeCheck = 1220;
				TargetAttributes = {
					B0982ED526347012007E4B39 = {
						CreatedOnToolsVersion = 12.2;
					};
					B0982EEB26347018007E4B39 = {
						CreatedOnToolsVersion = 12.2;
						TestTargetID = B0982ED526347012007E4B39;
					};
					B0982EF626347018007E4B39 = {
						CreatedOnToolsVersion = 12.2;
						TestTargetID = B0982ED526347012007E4B39;
					};
				};
			};
			buildConfigurationList = B0982ED126347012007E4B39 /* Build configuration list for PBXProject "Blend" */;
			compatibilityVersion = "Xcode 9.3";
			developmentRegion = en;
			hasScannedForEncodings = 0;
			knownRegions = (
				en,
				Base,
			);
			mainGroup = B0982ECD26347012007E4B39;
			productRefGroup = B0982ED726347012007E4B39 /* Products */;
			projectDirPath = "";
			projectRoot = "";
			targets = (
				B0982ED526347012007E4B39 /* Blend */,
				B0982EEB26347018007E4B39 /* BlendTests */,
				B0982EF626347018007E4B39 /* BlendUITests */,
			);
		};
/* End PBXProject section */

/* Begin PBXResourcesBuildPhase section */
		B0982ED426347012007E4B39 /* Resources */ = {
			isa = PBXResourcesBuildPhase;
			buildActionMask = 2147483647;
			files = (
				B0982EE626347018007E4B39 /* LaunchScreen.storyboard in Resources */,
				B0982EE326347018007E4B39 /* Assets.xcassets in Resources */,
				615046062646E9D4005CE82C /* Podfile in Resources */,
				B0982EE126347012007E4B39 /* Main.storyboard in Resources */,
			);
			runOnlyForDeploymentPostprocessing = 0;
		};
		B0982EEA26347018007E4B39 /* Resources */ = {
			isa = PBXResourcesBuildPhase;
			buildActionMask = 2147483647;
			files = (
			);
			runOnlyForDeploymentPostprocessing = 0;
		};
		B0982EF526347018007E4B39 /* Resources */ = {
			isa = PBXResourcesBuildPhase;
			buildActionMask = 2147483647;
			files = (
			);
			runOnlyForDeploymentPostprocessing = 0;
		};
/* End PBXResourcesBuildPhase section */

/* Begin PBXShellScriptBuildPhase section */
		21CBB3C9BA9C0865C0E04982 /* [CP] Embed Pods Frameworks */ = {
			isa = PBXShellScriptBuildPhase;
			buildActionMask = 2147483647;
			files = (
			);
			inputFileListPaths = (
				"${PODS_ROOT}/Target Support Files/Pods-Blend-BlendUITests/Pods-Blend-BlendUITests-frameworks-${CONFIGURATION}-input-files.xcfilelist",
			);
			name = "[CP] Embed Pods Frameworks";
			outputFileListPaths = (
				"${PODS_ROOT}/Target Support Files/Pods-Blend-BlendUITests/Pods-Blend-BlendUITests-frameworks-${CONFIGURATION}-output-files.xcfilelist",
			);
			runOnlyForDeploymentPostprocessing = 0;
			shellPath = /bin/sh;
			shellScript = "\"${PODS_ROOT}/Target Support Files/Pods-Blend-BlendUITests/Pods-Blend-BlendUITests-frameworks.sh\"\n";
			showEnvVarsInLog = 0;
		};
		86DBB6372FBAD2B5C1C54767 /* [CP] Check Pods Manifest.lock */ = {
			isa = PBXShellScriptBuildPhase;
			buildActionMask = 2147483647;
			files = (
			);
			inputFileListPaths = (
			);
			inputPaths = (
				"${PODS_PODFILE_DIR_PATH}/Podfile.lock",
				"${PODS_ROOT}/Manifest.lock",
			);
			name = "[CP] Check Pods Manifest.lock";
			outputFileListPaths = (
			);
			outputPaths = (
				"$(DERIVED_FILE_DIR)/Pods-Blend-checkManifestLockResult.txt",
			);
			runOnlyForDeploymentPostprocessing = 0;
			shellPath = /bin/sh;
			shellScript = "diff \"${PODS_PODFILE_DIR_PATH}/Podfile.lock\" \"${PODS_ROOT}/Manifest.lock\" > /dev/null\nif [ $? != 0 ] ; then\n    # print error to STDERR\n    echo \"error: The sandbox is not in sync with the Podfile.lock. Run 'pod install' or update your CocoaPods installation.\" >&2\n    exit 1\nfi\n# This output is used by Xcode 'outputs' to avoid re-running this script phase.\necho \"SUCCESS\" > \"${SCRIPT_OUTPUT_FILE_0}\"\n";
			showEnvVarsInLog = 0;
		};
		A7B7130CAAFC49A3C2250A8D /* [CP] Check Pods Manifest.lock */ = {
			isa = PBXShellScriptBuildPhase;
			buildActionMask = 2147483647;
			files = (
			);
			inputFileListPaths = (
			);
			inputPaths = (
				"${PODS_PODFILE_DIR_PATH}/Podfile.lock",
				"${PODS_ROOT}/Manifest.lock",
			);
			name = "[CP] Check Pods Manifest.lock";
			outputFileListPaths = (
			);
			outputPaths = (
				"$(DERIVED_FILE_DIR)/Pods-BlendTests-checkManifestLockResult.txt",
			);
			runOnlyForDeploymentPostprocessing = 0;
			shellPath = /bin/sh;
			shellScript = "diff \"${PODS_PODFILE_DIR_PATH}/Podfile.lock\" \"${PODS_ROOT}/Manifest.lock\" > /dev/null\nif [ $? != 0 ] ; then\n    # print error to STDERR\n    echo \"error: The sandbox is not in sync with the Podfile.lock. Run 'pod install' or update your CocoaPods installation.\" >&2\n    exit 1\nfi\n# This output is used by Xcode 'outputs' to avoid re-running this script phase.\necho \"SUCCESS\" > \"${SCRIPT_OUTPUT_FILE_0}\"\n";
			showEnvVarsInLog = 0;
		};
		CA59B92F5D56F2589A3496F7 /* [CP] Check Pods Manifest.lock */ = {
			isa = PBXShellScriptBuildPhase;
			buildActionMask = 2147483647;
			files = (
			);
			inputFileListPaths = (
			);
			inputPaths = (
				"${PODS_PODFILE_DIR_PATH}/Podfile.lock",
				"${PODS_ROOT}/Manifest.lock",
			);
			name = "[CP] Check Pods Manifest.lock";
			outputFileListPaths = (
			);
			outputPaths = (
				"$(DERIVED_FILE_DIR)/Pods-Blend-BlendUITests-checkManifestLockResult.txt",
			);
			runOnlyForDeploymentPostprocessing = 0;
			shellPath = /bin/sh;
			shellScript = "diff \"${PODS_PODFILE_DIR_PATH}/Podfile.lock\" \"${PODS_ROOT}/Manifest.lock\" > /dev/null\nif [ $? != 0 ] ; then\n    # print error to STDERR\n    echo \"error: The sandbox is not in sync with the Podfile.lock. Run 'pod install' or update your CocoaPods installation.\" >&2\n    exit 1\nfi\n# This output is used by Xcode 'outputs' to avoid re-running this script phase.\necho \"SUCCESS\" > \"${SCRIPT_OUTPUT_FILE_0}\"\n";
			showEnvVarsInLog = 0;
		};
		ECA5BF4C500C929CFCD4C3C0 /* [CP] Embed Pods Frameworks */ = {
			isa = PBXShellScriptBuildPhase;
			buildActionMask = 2147483647;
			files = (
			);
			inputFileListPaths = (
				"${PODS_ROOT}/Target Support Files/Pods-Blend/Pods-Blend-frameworks-${CONFIGURATION}-input-files.xcfilelist",
			);
			name = "[CP] Embed Pods Frameworks";
			outputFileListPaths = (
				"${PODS_ROOT}/Target Support Files/Pods-Blend/Pods-Blend-frameworks-${CONFIGURATION}-output-files.xcfilelist",
			);
			runOnlyForDeploymentPostprocessing = 0;
			shellPath = /bin/sh;
			shellScript = "\"${PODS_ROOT}/Target Support Files/Pods-Blend/Pods-Blend-frameworks.sh\"\n";
			showEnvVarsInLog = 0;
		};
/* End PBXShellScriptBuildPhase section */

/* Begin PBXSourcesBuildPhase section */
		B0982ED226347012007E4B39 /* Sources */ = {
			isa = PBXSourcesBuildPhase;
			buildActionMask = 2147483647;
			files = (
				F1BCA42C2646267B006E91F4 /* ProfileEditViewController.swift in Sources */,
				615046042646E7EB005CE82C /* FeedCell.swift in Sources */,
				615046022646E79B005CE82C /* FeedViewController.swift in Sources */,
				617EDF5E263D030200586B28 /* HomeViewController.swift in Sources */,
				B0BAC4F4263B6E7200D97ECD /* LoginViewController.swift in Sources */,
				B0982EDA26347012007E4B39 /* AppDelegate.swift in Sources */,
				B08CA756263DB2010067724B /* MoreInfoViewController.swift in Sources */,
				617EDF6C263D04DF00586B28 /* MatchCell.swift in Sources */,
				B0BAC4F9263B702200D97ECD /* SignUpViewController.swift in Sources */,
				B0982EDC26347012007E4B39 /* SceneDelegate.swift in Sources */,
			);
			runOnlyForDeploymentPostprocessing = 0;
		};
		B0982EE826347018007E4B39 /* Sources */ = {
			isa = PBXSourcesBuildPhase;
			buildActionMask = 2147483647;
			files = (
				B0982EF126347018007E4B39 /* BlendTests.swift in Sources */,
			);
			runOnlyForDeploymentPostprocessing = 0;
		};
		B0982EF326347018007E4B39 /* Sources */ = {
			isa = PBXSourcesBuildPhase;
			buildActionMask = 2147483647;
			files = (
				B0982EFC26347018007E4B39 /* BlendUITests.swift in Sources */,
			);
			runOnlyForDeploymentPostprocessing = 0;
		};
/* End PBXSourcesBuildPhase section */

/* Begin PBXTargetDependency section */
		B0982EEE26347018007E4B39 /* PBXTargetDependency */ = {
			isa = PBXTargetDependency;
			target = B0982ED526347012007E4B39 /* Blend */;
			targetProxy = B0982EED26347018007E4B39 /* PBXContainerItemProxy */;
		};
		B0982EF926347018007E4B39 /* PBXTargetDependency */ = {
			isa = PBXTargetDependency;
			target = B0982ED526347012007E4B39 /* Blend */;
			targetProxy = B0982EF826347018007E4B39 /* PBXContainerItemProxy */;
		};
/* End PBXTargetDependency section */

/* Begin PBXVariantGroup section */
		B0982EDF26347012007E4B39 /* Main.storyboard */ = {
			isa = PBXVariantGroup;
			children = (
				B0982EE026347012007E4B39 /* Base */,
			);
			name = Main.storyboard;
			sourceTree = "<group>";
		};
		B0982EE426347018007E4B39 /* LaunchScreen.storyboard */ = {
			isa = PBXVariantGroup;
			children = (
				B0982EE526347018007E4B39 /* Base */,
			);
			name = LaunchScreen.storyboard;
			sourceTree = "<group>";
		};
/* End PBXVariantGroup section */

/* Begin XCBuildConfiguration section */
		B0982EFE26347018007E4B39 /* Debug */ = {
			isa = XCBuildConfiguration;
			buildSettings = {
				ALWAYS_SEARCH_USER_PATHS = NO;
				CLANG_ANALYZER_NONNULL = YES;
				CLANG_ANALYZER_NUMBER_OBJECT_CONVERSION = YES_AGGRESSIVE;
				CLANG_CXX_LANGUAGE_STANDARD = "gnu++14";
				CLANG_CXX_LIBRARY = "libc++";
				CLANG_ENABLE_MODULES = YES;
				CLANG_ENABLE_OBJC_ARC = YES;
				CLANG_ENABLE_OBJC_WEAK = YES;
				CLANG_WARN_BLOCK_CAPTURE_AUTORELEASING = YES;
				CLANG_WARN_BOOL_CONVERSION = YES;
				CLANG_WARN_COMMA = YES;
				CLANG_WARN_CONSTANT_CONVERSION = YES;
				CLANG_WARN_DEPRECATED_OBJC_IMPLEMENTATIONS = YES;
				CLANG_WARN_DIRECT_OBJC_ISA_USAGE = YES_ERROR;
				CLANG_WARN_DOCUMENTATION_COMMENTS = YES;
				CLANG_WARN_EMPTY_BODY = YES;
				CLANG_WARN_ENUM_CONVERSION = YES;
				CLANG_WARN_INFINITE_RECURSION = YES;
				CLANG_WARN_INT_CONVERSION = YES;
				CLANG_WARN_NON_LITERAL_NULL_CONVERSION = YES;
				CLANG_WARN_OBJC_IMPLICIT_RETAIN_SELF = YES;
				CLANG_WARN_OBJC_LITERAL_CONVERSION = YES;
				CLANG_WARN_OBJC_ROOT_CLASS = YES_ERROR;
				CLANG_WARN_QUOTED_INCLUDE_IN_FRAMEWORK_HEADER = YES;
				CLANG_WARN_RANGE_LOOP_ANALYSIS = YES;
				CLANG_WARN_STRICT_PROTOTYPES = YES;
				CLANG_WARN_SUSPICIOUS_MOVE = YES;
				CLANG_WARN_UNGUARDED_AVAILABILITY = YES_AGGRESSIVE;
				CLANG_WARN_UNREACHABLE_CODE = YES;
				CLANG_WARN__DUPLICATE_METHOD_MATCH = YES;
				COPY_PHASE_STRIP = NO;
				DEBUG_INFORMATION_FORMAT = dwarf;
				ENABLE_STRICT_OBJC_MSGSEND = YES;
				ENABLE_TESTABILITY = YES;
				GCC_C_LANGUAGE_STANDARD = gnu11;
				GCC_DYNAMIC_NO_PIC = NO;
				GCC_NO_COMMON_BLOCKS = YES;
				GCC_OPTIMIZATION_LEVEL = 0;
				GCC_PREPROCESSOR_DEFINITIONS = (
					"DEBUG=1",
					"$(inherited)",
				);
				GCC_WARN_64_TO_32_BIT_CONVERSION = YES;
				GCC_WARN_ABOUT_RETURN_TYPE = YES_ERROR;
				GCC_WARN_UNDECLARED_SELECTOR = YES;
				GCC_WARN_UNINITIALIZED_AUTOS = YES_AGGRESSIVE;
				GCC_WARN_UNUSED_FUNCTION = YES;
				GCC_WARN_UNUSED_VARIABLE = YES;
				IPHONEOS_DEPLOYMENT_TARGET = 14.2;
				MTL_ENABLE_DEBUG_INFO = INCLUDE_SOURCE;
				MTL_FAST_MATH = YES;
				ONLY_ACTIVE_ARCH = YES;
				SDKROOT = iphoneos;
				SWIFT_ACTIVE_COMPILATION_CONDITIONS = DEBUG;
				SWIFT_OPTIMIZATION_LEVEL = "-Onone";
			};
			name = Debug;
		};
		B0982EFF26347018007E4B39 /* Release */ = {
			isa = XCBuildConfiguration;
			buildSettings = {
				ALWAYS_SEARCH_USER_PATHS = NO;
				CLANG_ANALYZER_NONNULL = YES;
				CLANG_ANALYZER_NUMBER_OBJECT_CONVERSION = YES_AGGRESSIVE;
				CLANG_CXX_LANGUAGE_STANDARD = "gnu++14";
				CLANG_CXX_LIBRARY = "libc++";
				CLANG_ENABLE_MODULES = YES;
				CLANG_ENABLE_OBJC_ARC = YES;
				CLANG_ENABLE_OBJC_WEAK = YES;
				CLANG_WARN_BLOCK_CAPTURE_AUTORELEASING = YES;
				CLANG_WARN_BOOL_CONVERSION = YES;
				CLANG_WARN_COMMA = YES;
				CLANG_WARN_CONSTANT_CONVERSION = YES;
				CLANG_WARN_DEPRECATED_OBJC_IMPLEMENTATIONS = YES;
				CLANG_WARN_DIRECT_OBJC_ISA_USAGE = YES_ERROR;
				CLANG_WARN_DOCUMENTATION_COMMENTS = YES;
				CLANG_WARN_EMPTY_BODY = YES;
				CLANG_WARN_ENUM_CONVERSION = YES;
				CLANG_WARN_INFINITE_RECURSION = YES;
				CLANG_WARN_INT_CONVERSION = YES;
				CLANG_WARN_NON_LITERAL_NULL_CONVERSION = YES;
				CLANG_WARN_OBJC_IMPLICIT_RETAIN_SELF = YES;
				CLANG_WARN_OBJC_LITERAL_CONVERSION = YES;
				CLANG_WARN_OBJC_ROOT_CLASS = YES_ERROR;
				CLANG_WARN_QUOTED_INCLUDE_IN_FRAMEWORK_HEADER = YES;
				CLANG_WARN_RANGE_LOOP_ANALYSIS = YES;
				CLANG_WARN_STRICT_PROTOTYPES = YES;
				CLANG_WARN_SUSPICIOUS_MOVE = YES;
				CLANG_WARN_UNGUARDED_AVAILABILITY = YES_AGGRESSIVE;
				CLANG_WARN_UNREACHABLE_CODE = YES;
				CLANG_WARN__DUPLICATE_METHOD_MATCH = YES;
				COPY_PHASE_STRIP = NO;
				DEBUG_INFORMATION_FORMAT = "dwarf-with-dsym";
				ENABLE_NS_ASSERTIONS = NO;
				ENABLE_STRICT_OBJC_MSGSEND = YES;
				GCC_C_LANGUAGE_STANDARD = gnu11;
				GCC_NO_COMMON_BLOCKS = YES;
				GCC_WARN_64_TO_32_BIT_CONVERSION = YES;
				GCC_WARN_ABOUT_RETURN_TYPE = YES_ERROR;
				GCC_WARN_UNDECLARED_SELECTOR = YES;
				GCC_WARN_UNINITIALIZED_AUTOS = YES_AGGRESSIVE;
				GCC_WARN_UNUSED_FUNCTION = YES;
				GCC_WARN_UNUSED_VARIABLE = YES;
				IPHONEOS_DEPLOYMENT_TARGET = 14.2;
				MTL_ENABLE_DEBUG_INFO = NO;
				MTL_FAST_MATH = YES;
				SDKROOT = iphoneos;
				SWIFT_COMPILATION_MODE = wholemodule;
				SWIFT_OPTIMIZATION_LEVEL = "-O";
				VALIDATE_PRODUCT = YES;
			};
			name = Release;
		};
		B0982F0126347019007E4B39 /* Debug */ = {
			isa = XCBuildConfiguration;
			baseConfigurationReference = 0EEE7144B34AF098A1A48A6E /* Pods-Blend.debug.xcconfig */;
			buildSettings = {
				ASSETCATALOG_COMPILER_APPICON_NAME = AppIcon;
				ASSETCATALOG_COMPILER_GLOBAL_ACCENT_COLOR_NAME = AccentColor;
				CODE_SIGN_STYLE = Automatic;
				DEVELOPMENT_TEAM = PT3N4CM9HS;
				INFOPLIST_FILE = Blend/Info.plist;
				LD_RUNPATH_SEARCH_PATHS = (
					"$(inherited)",
					"@executable_path/Frameworks",
				);
				PRODUCT_BUNDLE_IDENTIFIER = tylerrhb11.Blend;
				PRODUCT_NAME = "$(TARGET_NAME)";
				SWIFT_VERSION = 5.0;
				TARGETED_DEVICE_FAMILY = "1,2";
			};
			name = Debug;
		};
		B0982F0226347019007E4B39 /* Release */ = {
			isa = XCBuildConfiguration;
			baseConfigurationReference = 1FC270624E6A530036E08A2C /* Pods-Blend.release.xcconfig */;
			buildSettings = {
				ASSETCATALOG_COMPILER_APPICON_NAME = AppIcon;
				ASSETCATALOG_COMPILER_GLOBAL_ACCENT_COLOR_NAME = AccentColor;
				CODE_SIGN_STYLE = Automatic;
				DEVELOPMENT_TEAM = PT3N4CM9HS;
				INFOPLIST_FILE = Blend/Info.plist;
				LD_RUNPATH_SEARCH_PATHS = (
					"$(inherited)",
					"@executable_path/Frameworks",
				);
				PRODUCT_BUNDLE_IDENTIFIER = tylerrhb11.Blend;
				PRODUCT_NAME = "$(TARGET_NAME)";
				SWIFT_VERSION = 5.0;
				TARGETED_DEVICE_FAMILY = "1,2";
			};
			name = Release;
		};
		B0982F0426347019007E4B39 /* Debug */ = {
			isa = XCBuildConfiguration;
			baseConfigurationReference = 6DE1BDDBEA6C2658B0480E22 /* Pods-BlendTests.debug.xcconfig */;
			buildSettings = {
				ALWAYS_EMBED_SWIFT_STANDARD_LIBRARIES = YES;
				BUNDLE_LOADER = "$(TEST_HOST)";
				CODE_SIGN_STYLE = Automatic;
				DEVELOPMENT_TEAM = PT3N4CM9HS;
				INFOPLIST_FILE = BlendTests/Info.plist;
				IPHONEOS_DEPLOYMENT_TARGET = 14.2;
				LD_RUNPATH_SEARCH_PATHS = (
					"$(inherited)",
					"@executable_path/Frameworks",
					"@loader_path/Frameworks",
				);
				PRODUCT_BUNDLE_IDENTIFIER = tylerrhb11.BlendTests;
				PRODUCT_NAME = "$(TARGET_NAME)";
				SWIFT_VERSION = 5.0;
				TARGETED_DEVICE_FAMILY = "1,2";
				TEST_HOST = "$(BUILT_PRODUCTS_DIR)/Blend.app/Blend";
			};
			name = Debug;
		};
		B0982F0526347019007E4B39 /* Release */ = {
			isa = XCBuildConfiguration;
			baseConfigurationReference = A0ED8186E5789F44C9F1D5E6 /* Pods-BlendTests.release.xcconfig */;
			buildSettings = {
				ALWAYS_EMBED_SWIFT_STANDARD_LIBRARIES = YES;
				BUNDLE_LOADER = "$(TEST_HOST)";
				CODE_SIGN_STYLE = Automatic;
				DEVELOPMENT_TEAM = PT3N4CM9HS;
				INFOPLIST_FILE = BlendTests/Info.plist;
				IPHONEOS_DEPLOYMENT_TARGET = 14.2;
				LD_RUNPATH_SEARCH_PATHS = (
					"$(inherited)",
					"@executable_path/Frameworks",
					"@loader_path/Frameworks",
				);
				PRODUCT_BUNDLE_IDENTIFIER = tylerrhb11.BlendTests;
				PRODUCT_NAME = "$(TARGET_NAME)";
				SWIFT_VERSION = 5.0;
				TARGETED_DEVICE_FAMILY = "1,2";
				TEST_HOST = "$(BUILT_PRODUCTS_DIR)/Blend.app/Blend";
			};
			name = Release;
		};
		B0982F0726347019007E4B39 /* Debug */ = {
			isa = XCBuildConfiguration;
			baseConfigurationReference = 45929665F09D59EAC273E927 /* Pods-Blend-BlendUITests.debug.xcconfig */;
			buildSettings = {
				ALWAYS_EMBED_SWIFT_STANDARD_LIBRARIES = YES;
				CODE_SIGN_STYLE = Automatic;
				DEVELOPMENT_TEAM = PT3N4CM9HS;
				INFOPLIST_FILE = BlendUITests/Info.plist;
				LD_RUNPATH_SEARCH_PATHS = (
					"$(inherited)",
					"@executable_path/Frameworks",
					"@loader_path/Frameworks",
				);
				PRODUCT_BUNDLE_IDENTIFIER = tylerrhb11.BlendUITests;
				PRODUCT_NAME = "$(TARGET_NAME)";
				SWIFT_VERSION = 5.0;
				TARGETED_DEVICE_FAMILY = "1,2";
				TEST_TARGET_NAME = Blend;
			};
			name = Debug;
		};
		B0982F0826347019007E4B39 /* Release */ = {
			isa = XCBuildConfiguration;
			baseConfigurationReference = A91AD9BB0269C4F72B5525E1 /* Pods-Blend-BlendUITests.release.xcconfig */;
			buildSettings = {
				ALWAYS_EMBED_SWIFT_STANDARD_LIBRARIES = YES;
				CODE_SIGN_STYLE = Automatic;
				DEVELOPMENT_TEAM = PT3N4CM9HS;
				INFOPLIST_FILE = BlendUITests/Info.plist;
				LD_RUNPATH_SEARCH_PATHS = (
					"$(inherited)",
					"@executable_path/Frameworks",
					"@loader_path/Frameworks",
				);
				PRODUCT_BUNDLE_IDENTIFIER = tylerrhb11.BlendUITests;
				PRODUCT_NAME = "$(TARGET_NAME)";
				SWIFT_VERSION = 5.0;
				TARGETED_DEVICE_FAMILY = "1,2";
				TEST_TARGET_NAME = Blend;
			};
			name = Release;
		};
/* End XCBuildConfiguration section */

/* Begin XCConfigurationList section */
		B0982ED126347012007E4B39 /* Build configuration list for PBXProject "Blend" */ = {
			isa = XCConfigurationList;
			buildConfigurations = (
				B0982EFE26347018007E4B39 /* Debug */,
				B0982EFF26347018007E4B39 /* Release */,
			);
			defaultConfigurationIsVisible = 0;
			defaultConfigurationName = Release;
		};
		B0982F0026347019007E4B39 /* Build configuration list for PBXNativeTarget "Blend" */ = {
			isa = XCConfigurationList;
			buildConfigurations = (
				B0982F0126347019007E4B39 /* Debug */,
				B0982F0226347019007E4B39 /* Release */,
			);
			defaultConfigurationIsVisible = 0;
			defaultConfigurationName = Release;
		};
		B0982F0326347019007E4B39 /* Build configuration list for PBXNativeTarget "BlendTests" */ = {
			isa = XCConfigurationList;
			buildConfigurations = (
				B0982F0426347019007E4B39 /* Debug */,
				B0982F0526347019007E4B39 /* Release */,
			);
			defaultConfigurationIsVisible = 0;
			defaultConfigurationName = Release;
		};
		B0982F0626347019007E4B39 /* Build configuration list for PBXNativeTarget "BlendUITests" */ = {
			isa = XCConfigurationList;
			buildConfigurations = (
				B0982F0726347019007E4B39 /* Debug */,
				B0982F0826347019007E4B39 /* Release */,
			);
			defaultConfigurationIsVisible = 0;
			defaultConfigurationName = Release;
		};
/* End XCConfigurationList section */
	};
	rootObject = B0982ECE26347012007E4B39 /* Project object */;
}
